
Microsoft Visual Studio Solution File, Format Version 12.00
# Visual Studio Version 16
VisualStudioVersion = 16.0.31624.102
MinimumVisualStudioVersion = 10.0.40219.1
Project("{FAE04EC0-301F-11D3-BF4B-00C04F79EFBC}") = "Readline", "Readline\Readline.csproj", "{A6B9D5B3-B339-4316-91F4-AE563694D501}"
EndProject
Global
	GlobalSection(SolutionConfigurationPlatforms) = preSolution
		Debug|Any CPU = Debug|Any CPU
		Release|Any CPU = Release|Any CPU
	EndGlobalSection
	GlobalSection(ProjectConfigurationPlatforms) = postSolution
		{A6B9D5B3-B339-4316-91F4-AE563694D501}.Debug|Any CPU.ActiveCfg = Debug|Any CPU
		{A6B9D5B3-B339-4316-91F4-AE563694D501}.Debug|Any CPU.Build.0 = Debug|Any CPU
		{A6B9D5B3-B339-4316-91F4-AE563694D501}.Release|Any CPU.ActiveCfg = Release|Any CPU
		{A6B9D5B3-B339-4316-91F4-AE563694D501}.Release|Any CPU.Build.0 = Release|Any CPU
	EndGlobalSection
	GlobalSection(SolutionProperties) = preSolution
		HideSolutionNode = FALSE
	EndGlobalSection
	GlobalSection(ExtensibilityGlobals) = postSolution
		SolutionGuid = {2226BD3E-6F0A-44DA-BA65-4161753898D9}
	EndGlobalSection
EndGlobal
